
Microsoft Visual Studio Solution File, Format Version 12.00
# Visual Studio Version 17
VisualStudioVersion = 17.3.32922.545
MinimumVisualStudioVersion = 10.0.40219.1
Project("{8BC9CEB8-8B4A-11D0-8D11-00A0C91BC942}") = "VectorAddition_Sequential", "VectorAddition_Sequential\VectorAddition_Sequential.vcxproj", "{96F9FF08-0561-42E5-9E14-9ED5755A8377}"
EndProject
Project("{8BC9CEB8-8B4A-11D0-8D11-00A0C91BC942}") = "VectorAddition_Parallel", "VectorAddition_Parallel\VectorAddition_Parallel.vcxproj", "{684080C0-3EED-4215-B41F-EFF3A717EB78}"
EndProject
Global
	GlobalSection(SolutionConfigurationPlatforms) = preSolution
		Debug|x64 = Debug|x64
		Debug|x86 = Debug|x86
		Release|x64 = Release|x64
		Release|x86 = Release|x86
	EndGlobalSection
	GlobalSection(ProjectConfigurationPlatforms) = postSolution
		{96F9FF08-0561-42E5-9E14-9ED5755A8377}.Debug|x64.ActiveCfg = Debug|x64
		{96F9FF08-0561-42E5-9E14-9ED5755A8377}.Debug|x64.Build.0 = Debug|x64
		{96F9FF08-0561-42E5-9E14-9ED5755A8377}.Debug|x86.ActiveCfg = Debug|Win32
		{96F9FF08-0561-42E5-9E14-9ED5755A8377}.Debug|x86.Build.0 = Debug|Win32
		{96F9FF08-0561-42E5-9E14-9ED5755A8377}.Release|x64.ActiveCfg = Release|x64
		{96F9FF08-0561-42E5-9E14-9ED5755A8377}.Release|x64.Build.0 = Release|x64
		{96F9FF08-0561-42E5-9E14-9ED5755A8377}.Release|x86.ActiveCfg = Release|Win32
		{96F9FF08-0561-42E5-9E14-9ED5755A8377}.Release|x86.Build.0 = Release|Win32
		{684080C0-3EED-4215-B41F-EFF3A717EB78}.Debug|x64.ActiveCfg = Debug|x64
		{684080C0-3EED-4215-B41F-EFF3A717EB78}.Debug|x64.Build.0 = Debug|x64
		{684080C0-3EED-4215-B41F-EFF3A717EB78}.Debug|x86.ActiveCfg = Debug|Win32
		{684080C0-3EED-4215-B41F-EFF3A717EB78}.Debug|x86.Build.0 = Debug|Win32
		{684080C0-3EED-4215-B41F-EFF3A717EB78}.Release|x64.ActiveCfg = Release|x64
		{684080C0-3EED-4215-B41F-EFF3A717EB78}.Release|x64.Build.0 = Release|x64
		{684080C0-3EED-4215-B41F-EFF3A717EB78}.Release|x86.ActiveCfg = Release|Win32
		{684080C0-3EED-4215-B41F-EFF3A717EB78}.Release|x86.Build.0 = Release|Win32
	EndGlobalSection
	GlobalSection(SolutionProperties) = preSolution
		HideSolutionNode = FALSE
	EndGlobalSection
	GlobalSection(ExtensibilityGlobals) = postSolution
		SolutionGuid = {FB4E304C-7722-4087-9C4D-217D6E522215}
	EndGlobalSection
EndGlobal
